
Microsoft Visual Studio Solution File, Format Version 12.00
# Visual Studio 15
VisualStudioVersion = 15.0.28307.1231
MinimumVisualStudioVersion = 10.0.40219.1
Project("{FAE04EC0-301F-11D3-BF4B-00C04F79EFBC}") = "WatchDogs", "WatchDogs\WatchDogs.csproj", "{C5DD36F4-E709-47FA-B1BE-6AD1CCDDD109}"
EndProject
Global
	GlobalSection(SolutionConfigurationPlatforms) = preSolution
		Debug|Any CPU = Debug|Any CPU
		Debug|x64 = Debug|x64
		Release|Any CPU = Release|Any CPU
		Release|x64 = Release|x64
	EndGlobalSection
	GlobalSection(ProjectConfigurationPlatforms) = postSolution
		{C5DD36F4-E709-47FA-B1BE-6AD1CCDDD109}.Debug|Any CPU.ActiveCfg = Debug|Any CPU
		{C5DD36F4-E709-47FA-B1BE-6AD1CCDDD109}.Debug|Any CPU.Build.0 = Debug|Any CPU
		{C5DD36F4-E709-47FA-B1BE-6AD1CCDDD109}.Debug|x64.ActiveCfg = Debug|x64
		{C5DD36F4-E709-47FA-B1BE-6AD1CCDDD109}.Debug|x64.Build.0 = Debug|x64
		{C5DD36F4-E709-47FA-B1BE-6AD1CCDDD109}.Release|Any CPU.ActiveCfg = Release|Any CPU
		{C5DD36F4-E709-47FA-B1BE-6AD1CCDDD109}.Release|Any CPU.Build.0 = Release|Any CPU
		{C5DD36F4-E709-47FA-B1BE-6AD1CCDDD109}.Release|x64.ActiveCfg = Release|x64
		{C5DD36F4-E709-47FA-B1BE-6AD1CCDDD109}.Release|x64.Build.0 = Release|x64
	EndGlobalSection
	GlobalSection(SolutionProperties) = preSolution
		HideSolutionNode = FALSE
	EndGlobalSection
	GlobalSection(ExtensibilityGlobals) = postSolution
		SolutionGuid = {F76D5AB3-15FE-4117-AF24-8562B00693F9}
	EndGlobalSection
EndGlobal
